
Microsoft Visual Studio Solution File, Format Version 12.00
# Visual Studio Version 17
VisualStudioVersion = 17.8.34322.80
MinimumVisualStudioVersion = 10.0.40219.1
Project("{FAE04EC0-301F-11D3-BF4B-00C04F79EFBC}") = "TrophiesOrder", "TrophiesOrder\TrophiesOrder.csproj", "{4BBED6D7-4A4E-4EB8-8E6F-6F39C12F3487}"
EndProject
Project("{FAE04EC0-301F-11D3-BF4B-00C04F79EFBC}") = "TrophiesOrderTests", "TrophiesOrderTests\TrophiesOrderTests.csproj", "{48DABF5D-16C9-45FA-A974-A5F567C97CCA}"
EndProject
Global
	GlobalSection(SolutionConfigurationPlatforms) = preSolution
		Debug|Any CPU = Debug|Any CPU
		Release|Any CPU = Release|Any CPU
	EndGlobalSection
	GlobalSection(ProjectConfigurationPlatforms) = postSolution
		{4BBED6D7-4A4E-4EB8-8E6F-6F39C12F3487}.Debug|Any CPU.ActiveCfg = Debug|Any CPU
		{4BBED6D7-4A4E-4EB8-8E6F-6F39C12F3487}.Debug|Any CPU.Build.0 = Debug|Any CPU
		{4BBED6D7-4A4E-4EB8-8E6F-6F39C12F3487}.Release|Any CPU.ActiveCfg = Release|Any CPU
		{4BBED6D7-4A4E-4EB8-8E6F-6F39C12F3487}.Release|Any CPU.Build.0 = Release|Any CPU
		{48DABF5D-16C9-45FA-A974-A5F567C97CCA}.Debug|Any CPU.ActiveCfg = Debug|Any CPU
		{48DABF5D-16C9-45FA-A974-A5F567C97CCA}.Debug|Any CPU.Build.0 = Debug|Any CPU
		{48DABF5D-16C9-45FA-A974-A5F567C97CCA}.Release|Any CPU.ActiveCfg = Release|Any CPU
		{48DABF5D-16C9-45FA-A974-A5F567C97CCA}.Release|Any CPU.Build.0 = Release|Any CPU
	EndGlobalSection
	GlobalSection(SolutionProperties) = preSolution
		HideSolutionNode = FALSE
	EndGlobalSection
	GlobalSection(ExtensibilityGlobals) = postSolution
		SolutionGuid = {AA4516AE-AF3B-4FF2-80F9-C55B4A23DC2E}
	EndGlobalSection
EndGlobal
